<Solution>
  <Folder Name="/http-tests/">
    <File Path="../http-tests/http-client.env.json" />
    <File Path="../http-tests/tests.http" />
  </Folder>
  <Project Path="STI.City.API/STI.City.API.csproj" />
  <Project Path="STI.City.Core/STI.City.Core.csproj" />
  <Project Path="STI.City.Data/STI.City.Data.csproj" />
  <Project Path="STI.City.Tests/STI.City.Tests.csproj" />
</Solution>
